
Microsoft Visual Studio Solution File, Format Version 12.00
# Visual Studio Version 16
VisualStudioVersion = 16.0.34031.81
MinimumVisualStudioVersion = 10.0.40219.1
Project("{FAE04EC0-301F-11D3-BF4B-00C04F79EFBC}") = "INSS-IRRF", "INSS-IRRF\INSS-IRRF.csproj", "{10C0A27A-BD56-470C-A18D-BF03F511459E}"
EndProject
Global
	GlobalSection(SolutionConfigurationPlatforms) = preSolution
		Debug|Any CPU = Debug|Any CPU
		Release|Any CPU = Release|Any CPU
	EndGlobalSection
	GlobalSection(ProjectConfigurationPlatforms) = postSolution
		{10C0A27A-BD56-470C-A18D-BF03F511459E}.Debug|Any CPU.ActiveCfg = Debug|Any CPU
		{10C0A27A-BD56-470C-A18D-BF03F511459E}.Debug|Any CPU.Build.0 = Debug|Any CPU
		{10C0A27A-BD56-470C-A18D-BF03F511459E}.Release|Any CPU.ActiveCfg = Release|Any CPU
		{10C0A27A-BD56-470C-A18D-BF03F511459E}.Release|Any CPU.Build.0 = Release|Any CPU
	EndGlobalSection
	GlobalSection(SolutionProperties) = preSolution
		HideSolutionNode = FALSE
	EndGlobalSection
	GlobalSection(ExtensibilityGlobals) = postSolution
		SolutionGuid = {B9D45A34-5BE0-40EC-BDCD-466F64FBEAB3}
	EndGlobalSection
EndGlobal
